
Microsoft Visual Studio Solution File, Format Version 10.00
# Visual C++ Express 2008
Project("{8BC9CEB8-8B4A-11D0-8D11-00A0C91BC942}") = "pthreads4w", "pthreads4w.vcproj", "{8DE1C341-6367-489F-8FDC-6A4444BF2E79}"
EndProject
Project("{8BC9CEB8-8B4A-11D0-8D11-00A0C91BC942}") = "cancel7", "cancel7\cancel7.vcproj", "{70A6FB29-4F7E-416F-A373-44F33C27706C}"
EndProject
Project("{8BC9CEB8-8B4A-11D0-8D11-00A0C91BC942}") = "cancel7-static", "cancel7-static\cancel7-static.vcproj", "{21EDF8B4-3A0F-4C8D-AE45-608605EA72BB}"
EndProject
Project("{8BC9CEB8-8B4A-11D0-8D11-00A0C91BC942}") = "detach1", "tests\detach1\detach1.vcproj", "{DA5E959E-C231-42F0-A30A-992FC60D24E0}"
EndProject
Project("{8BC9CEB8-8B4A-11D0-8D11-00A0C91BC942}") = "detach1-static", "detach1-static\detach1-static.vcproj", "{C3AF305D-7E86-443B-8735-14D8A85B5BF5}"
EndProject
Global
	GlobalSection(SolutionConfigurationPlatforms) = preSolution
		Debug|Win32 = Debug|Win32
		Release|Win32 = Release|Win32
	EndGlobalSection
	GlobalSection(ProjectConfigurationPlatforms) = postSolution
		{8DE1C341-6367-489F-8FDC-6A4444BF2E79}.Debug|Win32.ActiveCfg = Debug|Win32
		{8DE1C341-6367-489F-8FDC-6A4444BF2E79}.Debug|Win32.Build.0 = Debug|Win32
		{8DE1C341-6367-489F-8FDC-6A4444BF2E79}.Release|Win32.ActiveCfg = Release|Win32
		{8DE1C341-6367-489F-8FDC-6A4444BF2E79}.Release|Win32.Build.0 = Release|Win32
		{70A6FB29-4F7E-416F-A373-44F33C27706C}.Debug|Win32.ActiveCfg = Debug|Win32
		{70A6FB29-4F7E-416F-A373-44F33C27706C}.Debug|Win32.Build.0 = Debug|Win32
		{70A6FB29-4F7E-416F-A373-44F33C27706C}.Release|Win32.ActiveCfg = Release|Win32
		{70A6FB29-4F7E-416F-A373-44F33C27706C}.Release|Win32.Build.0 = Release|Win32
		{21EDF8B4-3A0F-4C8D-AE45-608605EA72BB}.Debug|Win32.ActiveCfg = Debug|Win32
		{21EDF8B4-3A0F-4C8D-AE45-608605EA72BB}.Debug|Win32.Build.0 = Debug|Win32
		{21EDF8B4-3A0F-4C8D-AE45-608605EA72BB}.Release|Win32.ActiveCfg = Release|Win32
		{21EDF8B4-3A0F-4C8D-AE45-608605EA72BB}.Release|Win32.Build.0 = Release|Win32
		{DA5E959E-C231-42F0-A30A-992FC60D24E0}.Debug|Win32.ActiveCfg = Debug|Win32
		{DA5E959E-C231-42F0-A30A-992FC60D24E0}.Debug|Win32.Build.0 = Debug|Win32
		{DA5E959E-C231-42F0-A30A-992FC60D24E0}.Release|Win32.ActiveCfg = Release|Win32
		{DA5E959E-C231-42F0-A30A-992FC60D24E0}.Release|Win32.Build.0 = Release|Win32
		{C3AF305D-7E86-443B-8735-14D8A85B5BF5}.Debug|Win32.ActiveCfg = Debug|Win32
		{C3AF305D-7E86-443B-8735-14D8A85B5BF5}.Debug|Win32.Build.0 = Debug|Win32
		{C3AF305D-7E86-443B-8735-14D8A85B5BF5}.Release|Win32.ActiveCfg = Release|Win32
		{C3AF305D-7E86-443B-8735-14D8A85B5BF5}.Release|Win32.Build.0 = Release|Win32
	EndGlobalSection
	GlobalSection(SolutionProperties) = preSolution
		HideSolutionNode = FALSE
	EndGlobalSection
EndGlobal
