Microsoft Visual Studio Solution File, Format Version 10.00
# Visual C++ Express 2008
Project("{8BC9CEB8-8B4A-11D0-8D11-00A0C91BC942}") = "SDL", "SDL\SDL.vcproj", "{81CE8DAF-EBB2-4761-8E45-B71ABCCA8C68}"
EndProject
Project("{8BC9CEB8-8B4A-11D0-8D11-00A0C91BC942}") = "SDLmain", "SDLmain\SDLmain.vcproj", "{DA956FD3-E142-46F2-9DD5-C78BEBB56B7A}"
EndProject
Project("{8BC9CEB8-8B4A-11D0-8D11-00A0C91BC942}") = "SDLmain-Static", "SDLmain-Static\SDLmain-Static.vcproj", "{E2633FBB-7500-493C-8D4A-BE9E1AF07A1E}"
EndProject
Project("{8BC9CEB8-8B4A-11D0-8D11-00A0C91BC942}") = "SDL-Static", "SDL-Static\SDL-Static.vcproj", "{A6A0A6DF-D2FF-460C-947C-94CD0F4FFFA3}"
EndProject
Global
	GlobalSection(SolutionConfigurationPlatforms) = preSolution
		Debug|Win32 = Debug|Win32
		Debug|x64 = Debug|x64
		Release_NoSTDIO|Win32 = Release_NoSTDIO|Win32
		Release_NoSTDIO|x64 = Release_NoSTDIO|x64
		Release|Win32 = Release|Win32
		Release|x64 = Release|x64
	EndGlobalSection
	GlobalSection(ProjectConfigurationPlatforms) = postSolution
		{81CE8DAF-EBB2-4761-8E45-B71ABCCA8C68}.Debug|Win32.ActiveCfg = Debug|Win32
		{81CE8DAF-EBB2-4761-8E45-B71ABCCA8C68}.Debug|Win32.Build.0 = Debug|Win32
		{81CE8DAF-EBB2-4761-8E45-B71ABCCA8C68}.Debug|x64.ActiveCfg = Debug|x64
		{81CE8DAF-EBB2-4761-8E45-B71ABCCA8C68}.Debug|x64.Build.0 = Debug|x64
		{81CE8DAF-EBB2-4761-8E45-B71ABCCA8C68}.Release_NoSTDIO|Win32.ActiveCfg = Release|Win32
		{81CE8DAF-EBB2-4761-8E45-B71ABCCA8C68}.Release_NoSTDIO|Win32.Build.0 = Release|Win32
		{81CE8DAF-EBB2-4761-8E45-B71ABCCA8C68}.Release_NoSTDIO|x64.ActiveCfg = Release|x64
		{81CE8DAF-EBB2-4761-8E45-B71ABCCA8C68}.Release_NoSTDIO|x64.Build.0 = Release|x64
		{81CE8DAF-EBB2-4761-8E45-B71ABCCA8C68}.Release|Win32.ActiveCfg = Release|Win32
		{81CE8DAF-EBB2-4761-8E45-B71ABCCA8C68}.Release|Win32.Build.0 = Release|Win32
		{81CE8DAF-EBB2-4761-8E45-B71ABCCA8C68}.Release|x64.ActiveCfg = Release|x64
		{81CE8DAF-EBB2-4761-8E45-B71ABCCA8C68}.Release|x64.Build.0 = Release|x64
		{DA956FD3-E142-46F2-9DD5-C78BEBB56B7A}.Debug|Win32.ActiveCfg = Debug|Win32
		{DA956FD3-E142-46F2-9DD5-C78BEBB56B7A}.Debug|Win32.Build.0 = Debug|Win32
		{DA956FD3-E142-46F2-9DD5-C78BEBB56B7A}.Debug|x64.ActiveCfg = Debug|x64
		{DA956FD3-E142-46F2-9DD5-C78BEBB56B7A}.Debug|x64.Build.0 = Debug|x64
		{DA956FD3-E142-46F2-9DD5-C78BEBB56B7A}.Release_NoSTDIO|Win32.ActiveCfg = Release_NoSTDIO|Win32
		{DA956FD3-E142-46F2-9DD5-C78BEBB56B7A}.Release_NoSTDIO|Win32.Build.0 = Release_NoSTDIO|Win32
		{DA956FD3-E142-46F2-9DD5-C78BEBB56B7A}.Release_NoSTDIO|x64.ActiveCfg = Release_NoSTDIO|x64
		{DA956FD3-E142-46F2-9DD5-C78BEBB56B7A}.Release_NoSTDIO|x64.Build.0 = Release_NoSTDIO|x64
		{DA956FD3-E142-46F2-9DD5-C78BEBB56B7A}.Release|Win32.ActiveCfg = Release|Win32
		{DA956FD3-E142-46F2-9DD5-C78BEBB56B7A}.Release|Win32.Build.0 = Release|Win32
		{DA956FD3-E142-46F2-9DD5-C78BEBB56B7A}.Release|x64.ActiveCfg = Release|x64
		{DA956FD3-E142-46F2-9DD5-C78BEBB56B7A}.Release|x64.Build.0 = Release|x64
		{E2633FBB-7500-493C-8D4A-BE9E1AF07A1E}.Debug|Win32.ActiveCfg = Debug|Win32
		{E2633FBB-7500-493C-8D4A-BE9E1AF07A1E}.Debug|Win32.Build.0 = Debug|Win32
		{E2633FBB-7500-493C-8D4A-BE9E1AF07A1E}.Debug|x64.ActiveCfg = Debug|Win32
		{E2633FBB-7500-493C-8D4A-BE9E1AF07A1E}.Release_NoSTDIO|Win32.ActiveCfg = Release_NoSTDIO|Win32
		{E2633FBB-7500-493C-8D4A-BE9E1AF07A1E}.Release_NoSTDIO|Win32.Build.0 = Release_NoSTDIO|Win32
		{E2633FBB-7500-493C-8D4A-BE9E1AF07A1E}.Release_NoSTDIO|x64.ActiveCfg = Release_NoSTDIO|Win32
		{E2633FBB-7500-493C-8D4A-BE9E1AF07A1E}.Release|Win32.ActiveCfg = Release|Win32
		{E2633FBB-7500-493C-8D4A-BE9E1AF07A1E}.Release|Win32.Build.0 = Release|Win32
		{E2633FBB-7500-493C-8D4A-BE9E1AF07A1E}.Release|x64.ActiveCfg = Release|Win32
		{A6A0A6DF-D2FF-460C-947C-94CD0F4FFFA3}.Debug|Win32.ActiveCfg = Debug|Win32
		{A6A0A6DF-D2FF-460C-947C-94CD0F4FFFA3}.Debug|Win32.Build.0 = Debug|Win32
		{A6A0A6DF-D2FF-460C-947C-94CD0F4FFFA3}.Debug|x64.ActiveCfg = Debug|Win32
		{A6A0A6DF-D2FF-460C-947C-94CD0F4FFFA3}.Release_NoSTDIO|Win32.ActiveCfg = Release|Win32
		{A6A0A6DF-D2FF-460C-947C-94CD0F4FFFA3}.Release_NoSTDIO|Win32.Build.0 = Release|Win32
		{A6A0A6DF-D2FF-460C-947C-94CD0F4FFFA3}.Release_NoSTDIO|x64.ActiveCfg = Release|Win32
		{A6A0A6DF-D2FF-460C-947C-94CD0F4FFFA3}.Release|Win32.ActiveCfg = Release|Win32
		{A6A0A6DF-D2FF-460C-947C-94CD0F4FFFA3}.Release|Win32.Build.0 = Release|Win32
		{A6A0A6DF-D2FF-460C-947C-94CD0F4FFFA3}.Release|x64.ActiveCfg = Release|Win32
	EndGlobalSection
	GlobalSection(SolutionProperties) = preSolution
		HideSolutionNode = FALSE
	EndGlobalSection
EndGlobal
